# This file is automatically @generated by Cargo.
# It is not intended for manual editing.
version = 4

[[package]]
name = "dobby-sys"
version = "0.1.0"

[[package]]
name = "kindle-compat"
version = "0.1.0"
dependencies = [
 "libc",
]

[[package]]
name = "ksub"
version = "0.1.0"
dependencies = [
 "ksub-syms",
]

[[package]]
name = "ksub-logos"
version = "0.1.0"

[[package]]
name = "ksub-syms"
version = "0.1.0"

[[package]]
name = "ksubstrate"
version = "0.1.0"
dependencies = [
 "dobby-sys",
 "kindle-compat",
 "libc",
]

[[package]]
name = "ksubstrate-bootstrap"
version = "0.1.0"
dependencies = [
 "ksubstrate",
 "ksubstrate-targets",
 "libc",
]

[[package]]
name = "ksubstrate-cli"
version = "0.1.0"
dependencies = [
 "kindle-compat",
 "ksubstrate-targets",
 "libc",
]

[[package]]
name = "ksubstrate-demo-target"
version = "0.1.0"
dependencies = [
 "kindle-compat",
]

[[package]]
name = "ksubstrate-probe-tweak"
version = "0.1.0"
dependencies = [
 "kindle-compat",
]

[[package]]
name = "ksubstrate-sample-tweak"
version = "0.1.0"
dependencies = [
 "kindle-compat",
]

[[package]]
name = "ksubstrate-targets"
version = "0.1.0"
dependencies = [
 "libc",
]

[[package]]
name = "ksubstrated"
version = "0.1.0"
dependencies = [
 "kindle-compat",
 "ksubstrate-targets",
 "libc",
]

[[package]]
name = "libc"
version = "0.2.186"
source = "registry+https://github.com/rust-lang/crates.io-index"
checksum = "68ab91017fe16c622486840e4c83c9a37afeff978bd239b5293d61ece587de66"
